
Microsoft Visual Studio Solution File, Format Version 12.00
# Visual Studio Version 16
VisualStudioVersion = 16.0.30621.155
MinimumVisualStudioVersion = 10.0.40219.1
Project("{FAE04EC0-301F-11D3-BF4B-00C04F79EFBC}") = "MVVM try", "MVVM try.csproj", "{D436C871-9F45-490E-A484-691EEF3974D7}"
EndProject
Project("{FAE04EC0-301F-11D3-BF4B-00C04F79EFBC}") = "DB_EntinityFramework", "..\DB_EntinityFramework\DB_EntinityFramework.csproj", "{A44D4413-CA93-472A-ABF8-23B4E59F92C7}"
EndProject
Global
	GlobalSection(SolutionConfigurationPlatforms) = preSolution
		Debug|Any CPU = Debug|Any CPU
		Release|Any CPU = Release|Any CPU
	EndGlobalSection
	GlobalSection(ProjectConfigurationPlatforms) = postSolution
		{D436C871-9F45-490E-A484-691EEF3974D7}.Debug|Any CPU.ActiveCfg = Debug|Any CPU
		{D436C871-9F45-490E-A484-691EEF3974D7}.Debug|Any CPU.Build.0 = Debug|Any CPU
		{D436C871-9F45-490E-A484-691EEF3974D7}.Release|Any CPU.ActiveCfg = Release|Any CPU
		{D436C871-9F45-490E-A484-691EEF3974D7}.Release|Any CPU.Build.0 = Release|Any CPU
		{A44D4413-CA93-472A-ABF8-23B4E59F92C7}.Debug|Any CPU.ActiveCfg = Debug|Any CPU
		{A44D4413-CA93-472A-ABF8-23B4E59F92C7}.Debug|Any CPU.Build.0 = Debug|Any CPU
		{A44D4413-CA93-472A-ABF8-23B4E59F92C7}.Release|Any CPU.ActiveCfg = Release|Any CPU
		{A44D4413-CA93-472A-ABF8-23B4E59F92C7}.Release|Any CPU.Build.0 = Release|Any CPU
	EndGlobalSection
	GlobalSection(SolutionProperties) = preSolution
		HideSolutionNode = FALSE
	EndGlobalSection
	GlobalSection(ExtensibilityGlobals) = postSolution
		SolutionGuid = {C3B98DC5-6C1E-4433-B80A-9C8BC3CC4B70}
	EndGlobalSection
EndGlobal
